lockfileVersion: '9.0'

settings:
  autoInstallPeers: true
  excludeLinksFromLockfile: false

importers:

  .:
    devDependencies:
      '@types/aws-lambda':
        specifier: ^8.10.149
        version: 8.10.161
      '@types/node':
        specifier: ^22.15.30
        version: 22.19.19
      sst:
        specifier: ^4.15.2
        version: 4.15.2
      typescript:
        specifier: ^5.8.3
        version: 5.9.3

  packages/core: {}

  packages/functions:
    dependencies:
      '@aws-project/core':
        specifier: workspace:*
        version: link:../core

  services/web:
    dependencies:
      '@hono/zod-validator':
        specifier: ^0.8.0
        version: 0.8.0(hono@4.12.23)(zod@4.4.3)
      hono:
        specifier: ^4.12.23
        version: 4.12.23
      oxfmt:
        specifier: ^0.53.0
        version: 0.53.0
      oxlint:
        specifier: ^1.68.0
        version: 1.68.0
      zod:
        specifier: ^4.4.3
        version: 4.4.3
    devDependencies:
      esbuild:
        specifier: ^0.21.4
        version: 0.21.5
      npm-run-all2:
        specifier: ^6.2.0
        version: 6.2.6

packages:

  '@aws-crypto/crc32@5.2.0':
    resolution: {integrity: sha512-nLbCWqQNgUiwwtFsen1AdzAtvuLRsQS8rYgMuxCrdKf9kOssamGLuPwyTY9wyYblNr9+1XM8v6zoDTPPSIeANg==}
    engines: {node: '>=16.0.0'}

  '@aws-crypto/sha256-browser@5.2.0':
    resolution: {integrity: sha512-AXfN/lGotSQwu6HNcEsIASo7kWXZ5HYWvfOmSNKDsEqC4OashTp8alTmaz+F7TC2L083SFv5RdB+qU3Vs1kZqw==}

  '@aws-crypto/sha256-js@5.2.0':
    resolution: {integrity: sha512-FFQQyu7edu4ufvIZ+OadFpHHOt+eSTBaYaki44c+akjg7qZg9oOQeLlk77F6tSYqjDAFClrHJk9tMf0HdVyOvA==}
    engines: {node: '>=16.0.0'}

  '@aws-crypto/supports-web-crypto@5.2.0':
    resolution: {integrity: sha512-iAvUotm021kM33eCdNfwIN//F77/IADDSs58i+MDaOqFrVjZo9bAal0NK7HurRuWLLpF1iLX7gbWrjHjeo+YFg==}

  '@aws-crypto/util@5.2.0':
    resolution: {integrity: sha512-4RkU9EsI6ZpBve5fseQlGNUWKMa1RLPQ1dnjnQoe07ldfIzcsGb5hC5W0Dm7u423KWzawlrpbjXBrXCEv9zazQ==}

  '@aws-sdk/client-lambda@3.1058.0':
    resolution: {integrity: sha512-H9vDa4P6b712lckj6O3Y6zgEpxFMvI9tyfvkRniDUhaHSCuwf48pINhllwBtbrCnsPndJNsFSSU7uqi4BqHA5g==}
    engines: {node: '>=20.0.0'}

  '@aws-sdk/core@3.974.15':
    resolution: {integrity: sha512-UpA0rTGW/tHGITcCqHisbuuEPraYg9GG+mWmXjY5+RxZBMLGe6aL9oe0ix50LztwAcPIkGZLH0yWdMIkCM10hw==}
    engines: {node: '>=20.0.0'}

  '@aws-sdk/credential-provider-env@3.972.41':
    resolution: {integrity: sha512-n1EbJ98yvPWWdHZZv8bRBMqqDQJrtgtxyJ4xLy2Uqrh25BCOZQ7nnS1CsFXvuH8r0b0KVHDZEGEH5FxmEMP8jg==}
    engines: {node: '>=20.0.0'}

  '@aws-sdk/credential-provider-http@3.972.43':
    resolution: {integrity: sha512-TT76RN1NkI9WoyZqCNxOw6/WBMF7pYOTJcXbMokNFU+euSG40Kaf/t/FhDACVZWP+43wEM6ZynIPIkzS1wR1iA==}
    engines: {node: '>=20.0.0'}

  '@aws-sdk/credential-provider-ini@3.972.46':
    resolution: {integrity: sha512-hvcgcwOiS0nb2XFb5Op1Pz/vYaWz5K8kKullziGpdNRuG0NwzRXseuPt2CoBqknHGaSPVesu1aOn2OcctEYdCA==}
    engines: {node: '>=20.0.0'}

  '@aws-sdk/credential-provider-login@3.972.45':
    resolution: {integrity: sha512-MZQv4SNjByk1iOKmrqmzcUF/uCB05wjvEHyXKxmGQTUANTIVayX6HPUF0bzkWLvtnkH7sAn9kUCfkXbSpj9sDA==}
    engines: {node: '>=20.0.0'}

  '@aws-sdk/credential-provider-node@3.972.48':
    resolution: {integrity: sha512-QIbtJP0olSLZ2ImEu636pP+7JJbPfaL3xSJIFXhu472CWuondCc4bGOa8OeyhOFet8z4H1D/ZFKXc39FboWwYA==}
    engines: {node: '>=20.0.0'}

  '@aws-sdk/credential-provider-process@3.972.41':
    resolution: {integrity: sha512-7I/n1zkysouLOWvkEhjNEP4vMnD2v4kzzr3/3QBdrripEpn7ap1/I5DF3Hou1SUqkKWo1f3oPGMyFAA1FAMvsQ==}
    engines: {node: '>=20.0.0'}

  '@aws-sdk/credential-provider-sso@3.972.45':
    resolution: {integrity: sha512-oHgbz/eFD8IKiksqDsz9ZMU4A59BpQq4QwJedBnGD80ZqYcHPPHZBwjBnxLVkB7iRVVHWpDclR8yWdD2PkQIUA==}
    engines: {node: '>=20.0.0'}

  '@aws-sdk/credential-provider-web-identity@3.972.45':
    resolution: {integrity: sha512-CDhzKdb2onv5bpnjn/acgdNmJOQthPDLsPizU7rZflsEcgMMp8Mlri+U5hdxf8ldvZJpvM3vLU6D56vfJm5AMQ==}
    engines: {node: '>=20.0.0'}

  '@aws-sdk/nested-clients@3.997.13':
    resolution: {integrity: sha512-2pA6eyb5nSo/ZD2cayhOTEMoGQYgspq0RI05GDLkzQ3ajZ6isS6waV6E92Am/hz4LIlLUTrbwPLurJ/fuiHvkg==}
    engines: {node: '>=20.0.0'}

  '@aws-sdk/signature-v4-multi-region@3.996.30':
    resolution: {integrity: sha512-HULDLMVzkmTSEv6//7kx2kRevp/VYUpm8hJNNFbmhxDn0fUiGTxVcM9yg31TukvTq8nyOBDUN2gH0o5IRbKjdw==}
    engines: {node: '>=20.0.0'}

  '@aws-sdk/token-providers@3.1056.0':
    resolution: {integrity: sha512-81duvlltQlsfn5K+o8zILcystBRdbT1G2JJYVCML5NZHBz4CL/zf+sAemCtBh/uh6RQUMyInGeZLQ7/8igZhbA==}
    engines: {node: '>=20.0.0'}

  '@aws-sdk/types@3.973.9':
    resolution: {integrity: sha512-kuBfgQVdcz5Bmapc4A13YbpVw/pXkesfhetcFYwbntqas8sF41OHyd4o28+/TG2ZQdHBsv90Lsu5y6oitvYCdg==}
    engines: {node: '>=20.0.0'}

  '@aws-sdk/util-locate-window@3.965.5':
    resolution: {integrity: sha512-WhlJNNINQB+9qtLtZJcpQdgZw3SCDCpXdUJP7cToGwHbCWCnRckGlc6Bx/OhWwIYFNAn+FIydY8SZ0QmVu3xTQ==}
    engines: {node: '>=20.0.0'}

  '@aws-sdk/xml-builder@3.972.26':
    resolution: {integrity: sha512-cDbrqvDS73whl6YAPSPq0U6whzG6UWI9PuWh0wrUuGoZexhWEqhdunbukV7iBoaWnFV1AODutM5hOD6rtn439g==}
    engines: {node: '>=20.0.0'}

  '@aws/durable-execution-sdk-js@1.0.2':
    resolution: {integrity: sha512-KIYBVqV9gArkWdPEDYOjJqLlO+NecmCXOXadNBlOspJTmqztwuiyb6aZc468bYWSGuL4Me/gyTIK97ubkwFNCw==}
    engines: {node: '>=22'}

  '@aws/lambda-invoke-store@0.2.4':
    resolution: {integrity: sha512-iY8yvjE0y651BixKNPgmv1WrQc+GZ142sb0z4gYnChDDY2YqI4P/jsSopBWrKfAt7LOJAkOXt7rC/hms+WclQQ==}
    engines: {node: '>=18.0.0'}

  '@esbuild/aix-ppc64@0.21.5':
    resolution: {integrity: sha512-1SDgH6ZSPTlggy1yI6+Dbkiz8xzpHJEVAlF/AM1tHPLsf5STom9rwtjE4hKAF20FfXXNTFqEYXyJNWh1GiZedQ==}
    engines: {node: '>=12'}
    cpu: [ppc64]
    os: [aix]

  '@esbuild/android-arm64@0.21.5':
    resolution: {integrity: sha512-c0uX9VAUBQ7dTDCjq+wdyGLowMdtR/GoC2U5IYk/7D1H1JYC0qseD7+11iMP2mRLN9RcCMRcjC4YMclCzGwS/A==}
    engines: {node: '>=12'}
    cpu: [arm64]
    os: [android]

  '@esbuild/android-arm@0.21.5':
    resolution: {integrity: sha512-vCPvzSjpPHEi1siZdlvAlsPxXl7WbOVUBBAowWug4rJHb68Ox8KualB+1ocNvT5fjv6wpkX6o/iEpbDrf68zcg==}
    engines: {node: '>=12'}
    cpu: [arm]
    os: [android]

  '@esbuild/android-x64@0.21.5':
    resolution: {integrity: sha512-D7aPRUUNHRBwHxzxRvp856rjUHRFW1SdQATKXH2hqA0kAZb1hKmi02OpYRacl0TxIGz/ZmXWlbZgjwWYaCakTA==}
    engines: {node: '>=12'}
    cpu: [x64]
    os: [android]

  '@esbuild/darwin-arm64@0.21.5':
    resolution: {integrity: sha512-DwqXqZyuk5AiWWf3UfLiRDJ5EDd49zg6O9wclZ7kUMv2WRFr4HKjXp/5t8JZ11QbQfUS6/cRCKGwYhtNAY88kQ==}
    engines: {node: '>=12'}
    cpu: [arm64]
    os: [darwin]

  '@esbuild/darwin-x64@0.21.5':
    resolution: {integrity: sha512-se/JjF8NlmKVG4kNIuyWMV/22ZaerB+qaSi5MdrXtd6R08kvs2qCN4C09miupktDitvh8jRFflwGFBQcxZRjbw==}
    engines: {node: '>=12'}
    cpu: [x64]
    os: [darwin]

  '@esbuild/freebsd-arm64@0.21.5':
    resolution: {integrity: sha512-5JcRxxRDUJLX8JXp/wcBCy3pENnCgBR9bN6JsY4OmhfUtIHe3ZW0mawA7+RDAcMLrMIZaf03NlQiX9DGyB8h4g==}
    engines: {node: '>=12'}
    cpu: [arm64]
    os: [freebsd]

  '@esbuild/freebsd-x64@0.21.5':
    resolution: {integrity: sha512-J95kNBj1zkbMXtHVH29bBriQygMXqoVQOQYA+ISs0/2l3T9/kj42ow2mpqerRBxDJnmkUDCaQT/dfNXWX/ZZCQ==}
    engines: {node: '>=12'}
    cpu: [x64]
    os: [freebsd]

  '@esbuild/linux-arm64@0.21.5':
    resolution: {integrity: sha512-ibKvmyYzKsBeX8d8I7MH/TMfWDXBF3db4qM6sy+7re0YXya+K1cem3on9XgdT2EQGMu4hQyZhan7TeQ8XkGp4Q==}
    engines: {node: '>=12'}
    cpu: [arm64]
    os: [linux]

  '@esbuild/linux-arm@0.21.5':
    resolution: {integrity: sha512-bPb5AHZtbeNGjCKVZ9UGqGwo8EUu4cLq68E95A53KlxAPRmUyYv2D6F0uUI65XisGOL1hBP5mTronbgo+0bFcA==}
    engines: {node: '>=12'}
    cpu: [arm]
    os: [linux]

  '@esbuild/linux-ia32@0.21.5':
    resolution: {integrity: sha512-YvjXDqLRqPDl2dvRODYmmhz4rPeVKYvppfGYKSNGdyZkA01046pLWyRKKI3ax8fbJoK5QbxblURkwK/MWY18Tg==}
    engines: {node: '>=12'}
    cpu: [ia32]
    os: [linux]

  '@esbuild/linux-loong64@0.21.5':
    resolution: {integrity: sha512-uHf1BmMG8qEvzdrzAqg2SIG/02+4/DHB6a9Kbya0XDvwDEKCoC8ZRWI5JJvNdUjtciBGFQ5PuBlpEOXQj+JQSg==}
    engines: {node: '>=12'}
    cpu: [loong64]
    os: [linux]

  '@esbuild/linux-mips64el@0.21.5':
    resolution: {integrity: sha512-IajOmO+KJK23bj52dFSNCMsz1QP1DqM6cwLUv3W1QwyxkyIWecfafnI555fvSGqEKwjMXVLokcV5ygHW5b3Jbg==}
    engines: {node: '>=12'}
    cpu: [mips64el]
    os: [linux]

  '@esbuild/linux-ppc64@0.21.5':
    resolution: {integrity: sha512-1hHV/Z4OEfMwpLO8rp7CvlhBDnjsC3CttJXIhBi+5Aj5r+MBvy4egg7wCbe//hSsT+RvDAG7s81tAvpL2XAE4w==}
    engines: {node: '>=12'}
    cpu: [ppc64]
    os: [linux]

  '@esbuild/linux-riscv64@0.21.5':
    resolution: {integrity: sha512-2HdXDMd9GMgTGrPWnJzP2ALSokE/0O5HhTUvWIbD3YdjME8JwvSCnNGBnTThKGEB91OZhzrJ4qIIxk/SBmyDDA==}
    engines: {node: '>=12'}
    cpu: [riscv64]
    os: [linux]

  '@esbuild/linux-s390x@0.21.5':
    resolution: {integrity: sha512-zus5sxzqBJD3eXxwvjN1yQkRepANgxE9lgOW2qLnmr8ikMTphkjgXu1HR01K4FJg8h1kEEDAqDcZQtbrRnB41A==}
    engines: {node: '>=12'}
    cpu: [s390x]
    os: [linux]

  '@esbuild/linux-x64@0.21.5':
    resolution: {integrity: sha512-1rYdTpyv03iycF1+BhzrzQJCdOuAOtaqHTWJZCWvijKD2N5Xu0TtVC8/+1faWqcP9iBCWOmjmhoH94dH82BxPQ==}
    engines: {node: '>=12'}
    cpu: [x64]
    os: [linux]

  '@esbuild/netbsd-x64@0.21.5':
    resolution: {integrity: sha512-Woi2MXzXjMULccIwMnLciyZH4nCIMpWQAs049KEeMvOcNADVxo0UBIQPfSmxB3CWKedngg7sWZdLvLczpe0tLg==}
    engines: {node: '>=12'}
    cpu: [x64]
    os: [netbsd]

  '@esbuild/openbsd-x64@0.21.5':
    resolution: {integrity: sha512-HLNNw99xsvx12lFBUwoT8EVCsSvRNDVxNpjZ7bPn947b8gJPzeHWyNVhFsaerc0n3TsbOINvRP2byTZ5LKezow==}
    engines: {node: '>=12'}
    cpu: [x64]
    os: [openbsd]

  '@esbuild/sunos-x64@0.21.5':
    resolution: {integrity: sha512-6+gjmFpfy0BHU5Tpptkuh8+uw3mnrvgs+dSPQXQOv3ekbordwnzTVEb4qnIvQcYXq6gzkyTnoZ9dZG+D4garKg==}
    engines: {node: '>=12'}
    cpu: [x64]
    os: [sunos]

  '@esbuild/win32-arm64@0.21.5':
    resolution: {integrity: sha512-Z0gOTd75VvXqyq7nsl93zwahcTROgqvuAcYDUr+vOv8uHhNSKROyU961kgtCD1e95IqPKSQKH7tBTslnS3tA8A==}
    engines: {node: '>=12'}
    cpu: [arm64]
    os: [win32]

  '@esbuild/win32-ia32@0.21.5':
    resolution: {integrity: sha512-SWXFF1CL2RVNMaVs+BBClwtfZSvDgtL//G/smwAc5oVK/UPu2Gu9tIaRgFmYFFKrmg3SyAjSrElf0TiJ1v8fYA==}
    engines: {node: '>=12'}
    cpu: [ia32]
    os: [win32]

  '@esbuild/win32-x64@0.21.5':
    resolution: {integrity: sha512-tQd/1efJuzPC6rCFwEvLtci/xNFcTZknmXs98FYDfGE4wP9ClFV98nyKrzJKVPMhdDnjzLhdUyMX4PsQAPjwIw==}
    engines: {node: '>=12'}
    cpu: [x64]
    os: [win32]

  '@hono/zod-validator@0.8.0':
    resolution: {integrity: sha512-5uS4S1/LKtZQYvD4BtpPUFkOv8d1wNxHHrChm26buMiEYc1FrHWvDUaKVBwkiVtvSExHSpLGDvcnpI2Copyj9w==}
    peerDependencies:
      hono: '>=4.10.0'
      zod: ^3.25.0 || ^4.0.0

  '@nodable/entities@2.1.1':
    resolution: {integrity: sha512-Pig3HxDIoMgjdEH8OCf/dkcTmLFjJRjWuq8jSnklu284/TKOPibSRERmOykiwmyXTtv61mP+44f3GMx0tLAyjg==}

  '@oxfmt/binding-android-arm-eabi@0.53.0':
    resolution: {integrity: sha512-XfVM8AmIovBTKXCt14Op5wbfcoM8418nttd+nhMgM3RAVaJg1MtJc73FyWfUt0oxLyBGVwfniNVUsbV/b3VmPg==}
    engines: {node: ^20.19.0 || >=22.12.0}
    cpu: [arm]
    os: [android]

  '@oxfmt/binding-android-arm64@0.53.0':
    resolution: {integrity: sha512-btHDfXckwdf9zgyAVznfZkf+GVyB0I1m1hlvaOMRx2xoyz3hphfPX97s89J3wfCN8QBETLtk4lQUaeOkrMuQOg==}
    engines: {node: ^20.19.0 || >=22.12.0}
    cpu: [arm64]
    os: [android]

  '@oxfmt/binding-darwin-arm64@0.53.0':
    resolution: {integrity: sha512-k2RjMcSTkHjoOlsVGbL35JVzXL+oQco3GHPl/5kjebVF4oHNfE24In8F5isqBh9LBJucycWHKDXdGrCchdWcHQ==}
    engines: {node: ^20.19.0 || >=22.12.0}
    cpu: [arm64]
    os: [darwin]

  '@oxfmt/binding-darwin-x64@0.53.0':
    resolution: {integrity: sha512-65jIBE2H1l5SSs16fmv6/7b6sAx/WpvnsgDhVWK9qSjNFDUro7MPQ6q5UhpY7kl46yltfR046iAnxy/Bzqbiew==}
    engines: {node: ^20.19.0 || >=22.12.0}
    cpu: [x64]
    os: [darwin]

  '@oxfmt/binding-freebsd-x64@0.53.0':
    resolution: {integrity: sha512-oYe1gkz7U49PCYrS9147d2fJZj8mDI4Di6AvlsU5fu9p+Tq8S7qqOMSZjUiVTLX8bXuSA9Lk/tIxuegVjkNYRA==}
    engines: {node: ^20.19.0 || >=22.12.0}
    cpu: [x64]
    os: [freebsd]

  '@oxfmt/binding-linux-arm-gnueabihf@0.53.0':
    resolution: {integrity: sha512-ailB2vLzGi629tymdAb2VYJyEHref7oqGxP+tRBrtRBxQrb6NV55JMT7xtGZ8uTeG2+Y9zojqW4LhJYxQnz9Pg==}
    engines: {node: ^20.19.0 || >=22.12.0}
    cpu: [arm]
    os: [linux]

  '@oxfmt/binding-linux-arm-musleabihf@0.53.0':
    resolution: {integrity: sha512-abh4mWBvOvD966sobqF7r103y2yYx7Rb4WGHLOS4+5igGqLbbPxS9aK5+45D6iUY7dWMsk3Muz9a8gUtufvqJA==}
    engines: {node: ^20.19.0 || >=22.12.0}
    cpu: [arm]
    os: [linux]

  '@oxfmt/binding-linux-arm64-gnu@0.53.0':
    resolution: {integrity: sha512-z73PvuhJ8qA+cDbaiqbtopHglA91U4+y5wn2sTJJrnpB957d5P33FEuyP3DQIFd7ofljmDmfVT4G0CVGHZaJWg==}
    engines: {node: ^20.19.0 || >=22.12.0}
    cpu: [arm64]
    os: [linux]

  '@oxfmt/binding-linux-arm64-musl@0.53.0':
    resolution: {integrity: sha512-I6bhOTroqc3ThrwZ89l2k3ivKuELhdPLbAcJhRNyjWvlgwb0vjRgEnVL1XLx5Jud04/ypNRZBykAWrSk6l/D+g==}
    engines: {node: ^20.19.0 || >=22.12.0}
    cpu: [arm64]
    os: [linux]

  '@oxfmt/binding-linux-ppc64-gnu@0.53.0':
    resolution: {integrity: sha512-w0p3JzB/PkkQjXALMJMqP9YfP3yq4w6zGsu5kezQmUnxRkN3b/Theg2l/nDgBsOcczxS3gL6Gam5XNAVrO6QJQ==}
    engines: {node: ^20.19.0 || >=22.12.0}
    cpu: [ppc64]
    os: [linux]

  '@oxfmt/binding-linux-riscv64-gnu@0.53.0':
    resolution: {integrity: sha512-mzBhF6k1Yq1K/dqDmVe/AAafnlJfEpx7yfUiksyeWXJk5iSzZqBSxcsa02zIytYgQFRZ7h6WPZfwHg/DoOE1Kw==}
    engines: {node: ^20.19.0 || >=22.12.0}
    cpu: [riscv64]
    os: [linux]

  '@oxfmt/binding-linux-riscv64-musl@0.53.0':
    resolution: {integrity: sha512-AlFCpnRQhogQFzZXWbO6xB6/Udy745L+eQNmDPGg7G/OeWsYmJc4jZYfUN5pQg0reOPWSED2mOQqKZOJM1U8cA==}
    engines: {node: ^20.19.0 || >=22.12.0}
    cpu: [riscv64]
    os: [linux]

  '@oxfmt/binding-linux-s390x-gnu@0.53.0':
    resolution: {integrity: sha512-XD4ulY4f1DWbuuZXAqxhVn+gdPmrhnmojWtFN78ctVoupmS845fGhsUrk1HZXKQI+iymbaiz9vAjPsghHNQ7Ag==}
    engines: {node: ^20.19.0 || >=22.12.0}
    cpu: [s390x]
    os: [linux]

  '@oxfmt/binding-linux-x64-gnu@0.53.0':
    resolution: {integrity: sha512-xg8KWX0QnxmYWRe60CgHYWXI0ZOtBbqTsXvWiWrcl2XUHJ3fht2QerOk2iWvylzX3zNT2GpvBRxGoR4d3sxPRQ==}
    engines: {node: ^20.19.0 || >=22.12.0}
    cpu: [x64]
    os: [linux]

  '@oxfmt/binding-linux-x64-musl@0.53.0':
    resolution: {integrity: sha512-MWExpYBGvl+pIvVB/gj/CcWlN2al8AizT7rUbtaYaWNoQkhWARM6W3qpgoCr72CYSN9PborzPmM5MIRe2BrNdA==}
    engines: {node: ^20.19.0 || >=22.12.0}
    cpu: [x64]
    os: [linux]

  '@oxfmt/binding-openharmony-arm64@0.53.0':
    resolution: {integrity: sha512-u4sajgO4nxgmJIgc/y2AqPhkdbOkQH8WugXpA1+pW0ESQhvGZ1oGq61Q4xMbJHJU1hFgtO18QNrcFYDPYH0gwQ==}
    engines: {node: ^20.19.0 || >=22.12.0}
    cpu: [arm64]
    os: [openharmony]

  '@oxfmt/binding-win32-arm64-msvc@0.53.0':
    resolution: {integrity: sha512-Yq9sOZoIOJ5xPjO0qOyHJS4CiPuTkB2en9auxZz7Ar2p5RaC7BzLyVVmAA7zz9/L9YnjjY1DwNxN+ivKXimN/A==}
    engines: {node: ^20.19.0 || >=22.12.0}
    cpu: [arm64]
    os: [win32]

  '@oxfmt/binding-win32-ia32-msvc@0.53.0':
    resolution: {integrity: sha512-es1fVNZEkBqEcQtBpn19SYFgZF7FawlkCjkT/iImfEAus4gun8fBwB1E9hpV5LcR9B0DBNvRIXhW8BQk3JaE+Q==}
    engines: {node: ^20.19.0 || >=22.12.0}
    cpu: [ia32]
    os: [win32]

  '@oxfmt/binding-win32-x64-msvc@0.53.0':
    resolution: {integrity: sha512-QFmJs2bEu9AO4O6qsmEaZNGi6dFq8N+rT8EHAAnZIq/B9SeJDUbc4DzVxQ48MfDsL7D3sCZzo37zuTuspcURgg==}
    engines: {node: ^20.19.0 || >=22.12.0}
    cpu: [x64]
    os: [win32]

  '@oxlint/binding-android-arm-eabi@1.68.0':
    resolution: {integrity: sha512-wEdsIspexXLLMCPAEOcCuFLMt6aE3AzTuA/nQKLPRnoJ+EQTturmGheDkhHuuVHx0GbutjQ3JKmEn+Gz6Ag28Q==}
    engines: {node: ^20.19.0 || >=22.12.0}
    cpu: [arm]
    os: [android]

  '@oxlint/binding-android-arm64@1.68.0':
    resolution: {integrity: sha512-6aZRNNXQTsYtgaus8HTb9nuCcsrQTlKXGnktwvwW0n/SooRWNxNb3925grDkC63aEYZuCIyOVLV16IdYIoC2aQ==}
    engines: {node: ^20.19.0 || >=22.12.0}
    cpu: [arm64]
    os: [android]

  '@oxlint/binding-darwin-arm64@1.68.0':
    resolution: {integrity: sha512-lVTbsE3kO4bLpZELgjRZuAJc8kP98wb83yMXWH8gaPaFZ+cM2IDeZto4ByoUAYj0Mxv2rvw+A1ssZequSepVSg==}
    engines: {node: ^20.19.0 || >=22.12.0}
    cpu: [arm64]
    os: [darwin]

  '@oxlint/binding-darwin-x64@1.68.0':
    resolution: {integrity: sha512-nCmw2XrmQskjBUh/sfP5yKs93V68LijQgjd1cuuZ/q4SCARngLYs60/qqyzuMsg8QQ9KArDI98hxs/RDGE4KRQ==}
    engines: {node: ^20.19.0 || >=22.12.0}
    cpu: [x64]
    os: [darwin]

  '@oxlint/binding-freebsd-x64@1.68.0':
    resolution: {integrity: sha512-TI4ovQJliYE9V6e06cEv+qEI9uj7Ao65fmif4er4HD+aouyYyh0P31q2jh3KtqsOHHcQqv2PZ61TjJFLpBDGWQ==}
    engines: {node: ^20.19.0 || >=22.12.0}
    cpu: [x64]
    os: [freebsd]

  '@oxlint/binding-linux-arm-gnueabihf@1.68.0':
    resolution: {integrity: sha512-LcNnEi9g71Cmry5ZpLbKT+oVv+/zYG3hYVAbBBB5X85nOQZSk8l92CnDkxJMcxUg0NCnMCOFZuaVDlMyv4tYJw==}
    engines: {node: ^20.19.0 || >=22.12.0}
    cpu: [arm]
    os: [linux]

  '@oxlint/binding-linux-arm-musleabihf@1.68.0':
    resolution: {integrity: sha512-OovHahL3FX4UaK+hgSf11llUx2vszqjSdQQ61Ck9InOEI/ptZoC4XSQJurITqItVvd53JSlmkLMeaNjM1PoQew==}
    engines: {node: ^20.19.0 || >=22.12.0}
    cpu: [arm]
    os: [linux]

  '@oxlint/binding-linux-arm64-gnu@1.68.0':
    resolution: {integrity: sha512-YbzTglnHLzzi9zv5or8Ztz5fykAoZE8W9iM42/bOrF4HBSB6rJTqdLQWuoP76EHQw9DuKl76K1QmFlG29sPJXQ==}
    engines: {node: ^20.19.0 || >=22.12.0}
    cpu: [arm64]
    os: [linux]

  '@oxlint/binding-linux-arm64-musl@1.68.0':
    resolution: {integrity: sha512-qVKtCZNic+OoNnOr/hCQAu22HSQzflI7Fsq/Blzkw02SnLuv163k3kfmrVpZjSBlUHgsRKj6WgQiw30d3SX02Q==}
    engines: {node: ^20.19.0 || >=22.12.0}
    cpu: [arm64]
    os: [linux]

  '@oxlint/binding-linux-ppc64-gnu@1.68.0':
    resolution: {integrity: sha512-zExyZ8ZOUuAyQ0y9jpTcyjKUz62YY9JhKPyVxzvjTpXzZ3ujdqiVwfPWDdnA1SsIOrxdtxHn7KErDHLWskFjXg==}
    engines: {node: ^20.19.0 || >=22.12.0}
    cpu: [ppc64]
    os: [linux]

  '@oxlint/binding-linux-riscv64-gnu@1.68.0':
    resolution: {integrity: sha512-6C4MPuwewyDavA7sxM14wzgRi5GGL68HPIxRCdVyS75U4MDbpFVYzKO9WNR6KLKTMPq2pcz3THwo1sK2uiqngw==}
    engines: {node: ^20.19.0 || >=22.12.0}
    cpu: [riscv64]
    os: [linux]

  '@oxlint/binding-linux-riscv64-musl@1.68.0':
    resolution: {integrity: sha512-bnZooVeHAcvA+dH0EDLgx+7HY/DRi6e0hFszg3P+OBatuUjV6EvfIyNIzWOusmqAVh4L6r21GGTZtiKE4iqM4Q==}
    engines: {node: ^20.19.0 || >=22.12.0}
    cpu: [riscv64]
    os: [linux]

  '@oxlint/binding-linux-s390x-gnu@1.68.0':
    resolution: {integrity: sha512-dIqnZnJSmHCMOUpUcWQOiV14o3DDPVx1DSsMaSzvdhNjC1tB1iEPZbdiMSCIEYbkgbsYznHXWqFdKL8WUB3F8g==}
    engines: {node: ^20.19.0 || >=22.12.0}
    cpu: [s390x]
    os: [linux]

  '@oxlint/binding-linux-x64-gnu@1.68.0':
    resolution: {integrity: sha512-zc9lEnfV/HreDTY6gdMlZe+irkwHSxQ4/B1pS9GyK7RVaA5LxhoZY/w6/o2vIwLLEYiXQ5ujGxOM1ZazeFAAIA==}
    engines: {node: ^20.19.0 || >=22.12.0}
    cpu: [x64]
    os: [linux]

  '@oxlint/binding-linux-x64-musl@1.68.0':
    resolution: {integrity: sha512-Dl5QEX0TCo/40Cdh1o1JdPS//+YiWqjC+Hrrya5OQmStZZr4svAFtdlqcpCrU9yq2Mo3vRVyO9B3h0dzD8s36Q==}
    engines: {node: ^20.19.0 || >=22.12.0}
    cpu: [x64]
    os: [linux]

  '@oxlint/binding-openharmony-arm64@1.68.0':
    resolution: {integrity: sha512-/qy6dOvi4S3/LeXq0l5BT5pRKPYA7oj3uKwJOAZOr5HRLL+HK6jdBynvWuXIA2wwfE01RzNYmbBdM7vwYx00sA==}
    engines: {node: ^20.19.0 || >=22.12.0}
    cpu: [arm64]
    os: [openharmony]

  '@oxlint/binding-win32-arm64-msvc@1.68.0':
    resolution: {integrity: sha512-fHNtVqPHSYE7UFDSLVFUjxQjnSVXxseNJmRW+XuP4pXXDwePdPda43NL7/BBCFTxHjycOc44JNDaOPtFDNui9A==}
    engines: {node: ^20.19.0 || >=22.12.0}
    cpu: [arm64]
    os: [win32]

  '@oxlint/binding-win32-ia32-msvc@1.68.0':
    resolution: {integrity: sha512-NnKXr4Wgo4nps3erhrE0f8shBvBPZMHg72nDsvX0JyrRvsNiP3f1JNvbCKh+A6VFvpF7ZoJxu904P3cKMhvZnA==}
    engines: {node: ^20.19.0 || >=22.12.0}
    cpu: [ia32]
    os: [win32]

  '@oxlint/binding-win32-x64-msvc@1.68.0':
    resolution: {integrity: sha512-zg5pA+84AlU6XHJ3ruiRxziO71QTrz8nLsk6u01JGS5+tL9/bnlakFiklFrcy4R1/V7ktWtaNitN3JZWmKnf6g==}
    engines: {node: ^20.19.0 || >=22.12.0}
    cpu: [x64]
    os: [win32]

  '@smithy/core@3.24.6':
    resolution: {integrity: sha512-wBXDRup6UU97VKyaiRo8AssnfStPtG0oAAfpq/bC0a1YYau8pM86YB4kM6ccoVi1mS8l/UHbn9oDM+7uozr/ug==}
    engines: {node: '>=18.0.0'}

  '@smithy/credential-provider-imds@4.3.7':
    resolution: {integrity: sha512-xj8gq/bjFABAh6qWPSDCYcY3kzQIm4b561C+YnHH4zGq8rOgzQ3Shk+JGlpUxSd41UGiO6FkLdUCtNX1FAeHgg==}
    engines: {node: '>=18.0.0'}

  '@smithy/fetch-http-handler@5.4.6':
    resolution: {integrity: sha512-FEwEYJ1jlBKdhe9TPzfghEi1bP55ZeEImlDkEa62bBBYzUcnB6RUCyuiS2mqKt6ZVjUbBgcNhzfIctH+Hevx9g==}
    engines: {node: '>=18.0.0'}

  '@smithy/is-array-buffer@2.2.0':
    resolution: {integrity: sha512-GGP3O9QFD24uGeAXYUjwSTXARoqpZykHadOmA8G5vfJPK0/DC67qa//0qvqrJzL1xc8WQWX7/yc7fwudjPHPhA==}
    engines: {node: '>=14.0.0'}

  '@smithy/node-http-handler@4.7.6':
    resolution: {integrity: sha512-3fya8i7GrJilQouk4cZJKdy5k8MWQBpjfXrRNaXDedH8r779tr0jcxyH3+yoTmsluc2+vF4S343yFbnvu8ExDQ==}
    engines: {node: '>=18.0.0'}

  '@smithy/signature-v4@5.4.6':
    resolution: {integrity: sha512-Ojg4B6oIDlIr1R86xCDJt1zJWnYa0VINmqdjfe9qxWjdRivHalZ3iSlQgVqYbW0MdpFOC5XfHEWsnbmdnpIILQ==}
    engines: {node: '>=18.0.0'}

  '@smithy/types@4.14.3':
    resolution: {integrity: sha512-YupL0ZWmFtJexUN2cHzkvvF/b9pKrtAIfT1o7/oY/Ppu8IYeZ+lDPM5vZdQJaSeA132dJCqojjGC9NhXeF71VQ==}
    engines: {node: '>=18.0.0'}

  '@smithy/util-buffer-from@2.2.0':
    resolution: {integrity: sha512-IJdWBbTcMQ6DA0gdNhh/BwrLkDR+ADW5Kr1aZmd4k3DIF6ezMV4R2NIAmT08wQJ3yUK82thHWmC/TnK/wpMMIA==}
    engines: {node: '>=14.0.0'}

  '@smithy/util-utf8@2.3.0':
    resolution: {integrity: sha512-R8Rdn8Hy72KKcebgLiv8jQcQkXoLMOGGv5uI1/k0l+snqkOzQ1R0ChUBCxWMlBsFMekWjq0wRudIweFs7sKT5A==}
    engines: {node: '>=14.0.0'}

  '@types/aws-lambda@8.10.161':
    resolution: {integrity: sha512-rUYdp+MQwSFocxIOcSsYSF3YYYC/uUpMbCY/mbO21vGqfrEYvNSoPyKYDj6RhXXpPfS0KstW9RwG3qXh9sL7FQ==}

  '@types/node@22.19.19':
    resolution: {integrity: sha512-dyh/xO2Fh5bYrfWaaqGrRQQGkNdmYw6AmaAUvYeUMNTWQtvb796ikLdmTchRmOlOiIJ1TDXfWgVx1QkUlQ6Hew==}

  ansi-styles@6.2.3:
    resolution: {integrity: sha512-4Dj6M28JB+oAH8kFkTLUo+a2jwOFkuqb3yucU0CANcRRUbxS0cP0nZYCGjcc3BNXwRIsUVmDGgzawme7zvJHvg==}
    engines: {node: '>=12'}

  aws4fetch@1.0.18:
    resolution: {integrity: sha512-3Cf+YaUl07p24MoQ46rFwulAmiyCwH2+1zw1ZyPAX5OtJ34Hh185DwB8y/qRLb6cYYYtSFJ9pthyLc0MD4e8sQ==}

  balanced-match@1.0.2:
    resolution: {integrity: sha512-3oSeUO0TMV67hN1AmbXsK4yaqU7tjiHlbxRDZOpH0KW9+CeX4bRAaX0Anxt0tx2MrpRpWwQaPwIlISEJhYU5Pw==}

  bowser@2.14.1:
    resolution: {integrity: sha512-tzPjzCxygAKWFOJP011oxFHs57HzIhOEracIgAePE4pqB3LikALKnSzUyU4MGs9/iCEUuHlAJTjTc5M+u7YEGg==}

  brace-expansion@2.1.1:
    resolution: {integrity: sha512-WR1cURNjuvBLMZBMbqM0UoE+WAfdUcEV1ccD8PVBVOI+Z3ND4+SZbN8RsfT2bMuG1qwz5RFvPukSZm5fF2D5eA==}

  cross-spawn@7.0.6:
    resolution: {integrity: sha512-uV2QOWP2nWzsy2aMp8aRibhi9dlzF5Hgh5SHaB9OiTGEyDTiJJyx0uy51QXdyWbtAHNua4XJzUKca3OzKUd3vA==}
    engines: {node: '>= 8'}

  esbuild@0.21.5:
    resolution: {integrity: sha512-mg3OPMV4hXywwpoDxu3Qda5xCKQi+vCTZq8S9J/EpkhB2HzKXq4SNFZE3+NK93JYxc8VMSep+lOUSC/RVKaBqw==}
    engines: {node: '>=12'}
    hasBin: true

  fast-xml-builder@1.2.0:
    resolution: {integrity: sha512-00aAWieqff+ZJhsXA4g1g7M8k+7AYoMUUHF+/zFb5U6Uv/P0Vl4QZo84/IcufzYalLuEj9928bXN9PbbFzMF0Q==}

  fast-xml-parser@5.7.3:
    resolution: {integrity: sha512-C0AaNuC+mscy6vrAQKAc/rMq+zAPHodfHGZu4sGVehvAQt/JLG1O5zEcYcXSY5zSqr4YVgxsB+pHXTq0i7eDlg==}
    hasBin: true

  hono@4.12.23:
    resolution: {integrity: sha512-eIaZ9qDgu7XV0pxOCrg7/WhnQ6Ivm22UcxhXx/A3dcbqbbYgBEkc6e/J/s7j2tS96zoB0S9VBdLwQNCWwUo4LA==}
    engines: {node: '>=16.9.0'}

  isexe@2.0.0:
    resolution: {integrity: sha512-RHxMLp9lnKHGHRng9QFhRCMbYAcVpn69smSGcq3f36xjgVVWThj4qqLbTLlq7Ssj8B+fIQ1EuCEGI2lKsyQeIw==}

  jose@4.15.9:
    resolution: {integrity: sha512-1vUQX+IdDMVPj4k8kOxgUqlcK518yluMuGZwqlr44FS1ppZB/5GWh4rZG89erpOBOJjU/OBsnCVFfapsRz6nEA==}

  jose@5.2.3:
    resolution: {integrity: sha512-KUXdbctm1uHVL8BYhnyHkgp3zDX5KW8ZhAKVFEfUbU2P8Alpzjb+48hHvjOdQIyPshoblhzsuqOwEEAbtHVirA==}

  json-parse-even-better-errors@3.0.2:
    resolution: {integrity: sha512-fi0NG4bPjCHunUJffmLd0gxssIgkNmArMvis4iNah6Owg1MCJjWhEcDLmsK6iGkJq3tHwbDkTlce70/tmXN4cQ==}
    engines: {node: ^14.17.0 || ^16.13.0 || >=18.0.0}

  lru-cache@6.0.0:
    resolution: {integrity: sha512-Jo6dJ04CmSjuznwJSS3pUeWmd/H0ffTlkXXgwZi+eq1UCmqQwCh+eLsYOYCwY991i2Fah4h1BEMCx4qThGbsiA==}
    engines: {node: '>=10'}

  memorystream@0.3.1:
    resolution: {integrity: sha512-S3UwM3yj5mtUSEfP41UZmt/0SCoVYUcU1rkXv+BQ5Ig8ndL4sPoJNBUJERafdPb5jjHJGuMgytgKvKIf58XNBw==}
    engines: {node: '>= 0.10.0'}

  minimatch@9.0.9:
    resolution: {integrity: sha512-OBwBN9AL4dqmETlpS2zasx+vTeWclWzkblfZk7KTA5j3jeOONz/tRCnZomUyvNg83wL5Zv9Ss6HMJXAgL8R2Yg==}
    engines: {node: '>=16 || 14 >=14.17'}

  npm-normalize-package-bin@3.0.1:
    resolution: {integrity: sha512-dMxCf+zZ+3zeQZXKxmyuCKlIDPGuv8EF940xbkC4kQVDTtqoh6rJFO+JTKSA6/Rwi0getWmtuy4Itup0AMcaDQ==}
    engines: {node: ^14.17.0 || ^16.13.0 || >=18.0.0}

  npm-run-all2@6.2.6:
    resolution: {integrity: sha512-tkyb4pc0Zb0oOswCb5tORPk9MvVL6gcDq1cMItQHmsbVk1skk7YF6cH+UU2GxeNLHMuk6wFEOSmEmJ2cnAK1jg==}
    engines: {node: ^14.18.0 || ^16.13.0 || >=18.0.0, npm: '>= 8'}
    hasBin: true

  object-hash@2.2.0:
    resolution: {integrity: sha512-gScRMn0bS5fH+IuwyIFgnh9zBdo4DV+6GhygmWM9HyNJSgS0hScp1f5vjtm7oIIOiT9trXrShAkLFSc2IqKNgw==}
    engines: {node: '>= 6'}

  oidc-token-hash@5.2.0:
    resolution: {integrity: sha512-6gj2m8cJZ+iSW8bm0FXdGF0YhIQbKrfP4yWTNzxc31U6MOjfEmB1rHvlYvxI1B7t7BCi1F2vYTT6YhtQRG4hxw==}
    engines: {node: ^10.13.0 || >=12.0.0}

  openid-client@5.6.4:
    resolution: {integrity: sha512-T1h3B10BRPKfcObdBklX639tVz+xh34O7GjofqrqiAQdm7eHsQ00ih18x6wuJ/E6FxdtS2u3FmUGPDeEcMwzNA==}

  oxfmt@0.53.0:
    resolution: {integrity: sha512-9cB5glS3Ip6NMuZ+6NYTao9FCWkDhRtPYCtR3QBu/NxHoFbgzzTvi41N4jxz/GqGfuLKspui1qb/LlSu2IbMcw==}
    engines: {node: ^20.19.0 || >=22.12.0}
    hasBin: true
    peerDependencies:
      svelte: ^5.0.0
      vite-plus: '*'
    peerDependenciesMeta:
      svelte:
        optional: true
      vite-plus:
        optional: true

  oxlint@1.68.0:
    resolution: {integrity: sha512-dXcbq+xsmLrMy6T8d0euf3IYUfLmjHIE11pOxiUSi5LHkFZaYPv568R6sEjcavVpUxoaQe66UBuK4HEi74NxpA==}
    engines: {node: ^20.19.0 || >=22.12.0}
    hasBin: true
    peerDependencies:
      oxlint-tsgolint: '>=0.22.1'
      vite-plus: '*'
    peerDependenciesMeta:
      oxlint-tsgolint:
        optional: true
      vite-plus:
        optional: true

  path-expression-matcher@1.5.0:
    resolution: {integrity: sha512-cbrerZV+6rvdQrrD+iGMcZFEiiSrbv9Tfdkvnusy6y0x0GKBXREFg/Y65GhIfm0tnLntThhzCnfKwp1WRjeCyQ==}
    engines: {node: '>=14.0.0'}

  path-key@3.1.1:
    resolution: {integrity: sha512-ojmeN0qd+y0jszEtoY48r0Peq5dwMEkIlCOu6Q5f41lfkswXuKtYrhgoTpLnyIcHm24Uhqx+5Tqm2InSwLhE6Q==}
    engines: {node: '>=8'}

  pidtree@0.6.0:
    resolution: {integrity: sha512-eG2dWTVw5bzqGRztnHExczNxt5VGsE6OwTeCG3fdUf9KBsZzO3R5OIIIzWR+iZA0NtZ+RDVdaoE2dK1cn6jH4g==}
    engines: {node: '>=0.10'}
    hasBin: true

  read-package-json-fast@3.0.2:
    resolution: {integrity: sha512-0J+Msgym3vrLOUB3hzQCuZHII0xkNGCtz/HJH9xZshwv9DbDwkw1KaE3gx/e2J5rpEY5rtOy6cyhKOPrkP7FZw==}
    engines: {node: ^14.17.0 || ^16.13.0 || >=18.0.0}

  shebang-command@2.0.0:
    resolution: {integrity: sha512-kHxr2zZpYtdmrN1qDjrrX/Z1rR1kG8Dx+gkpK1G4eXmvXswmcE1hTWBWYUzlraYw1/yZp6YuDY77YtvbN0dmDA==}
    engines: {node: '>=8'}

  shebang-regex@3.0.0:
    resolution: {integrity: sha512-7++dFhtcx3353uBaq8DDR4NuxBetBzC7ZQOhmTQInHEd6bSrXdiEyzCvG07Z44UYdLShWUyXt5M/yhz8ekcb1A==}
    engines: {node: '>=8'}

  shell-quote@1.8.4:
    resolution: {integrity: sha512-VsC6n6vz1ihYYyZZwX7YZSF5l5x36ca17OC+a69h94YqB7X6XLwf+5MOgynYir2SLFUbl8gIYvBo8K8RoNQ6bQ==}
    engines: {node: '>= 0.4'}

  sst-darwin-arm64@4.15.2:
    resolution: {integrity: sha512-jTOaR9+tCOQoEDcPL0i59Zf5nmPv3C91Lt2wvikyBnq+Zibpen1zsQaQ3S3v5R0MAH+AqlBMBkXx3vD9dVve0Q==}
    cpu: [arm64]
    os: [darwin]

  sst-darwin-x64@4.15.2:
    resolution: {integrity: sha512-KZ/DJBdN3kDnNSXr7hPeR10dnCNpSLaIn1gjXvXO/rgMeawfaaPA74zU1Su0yjA47fbIC3nH5TT2+S/6vFZD+A==}
    cpu: [x64]
    os: [darwin]

  sst-linux-arm64@4.15.2:
    resolution: {integrity: sha512-zT1+suSr5DRCTTPVUo8LmJjXnFxXj49CRRMoGnBq4QBeeyzOaw/L3uwZ4GDn91+s7kGRMpykhsSPBgplBETM8w==}
    cpu: [arm64]
    os: [linux]

  sst-linux-x64@4.15.2:
    resolution: {integrity: sha512-Da7FI3ziaTfLsWx/vTuUPlSDfNIF2LHuEPugp/Y4w5pBTJ3cYbBhMhPC6KnXI46itvOfDYHdsFdVrDKJ8dpEsQ==}
    cpu: [x64]
    os: [linux]

  sst-linux-x86@4.15.2:
    resolution: {integrity: sha512-ZzJPul4U++Cg/UJmJVSUV0ndMbcImUbnqwxYhf5EaQLaO+se6AX52uIZBlQTxIQ6rrnHAq5Kw7WUWur7A/BZQA==}
    cpu: [x86]
    os: [linux]

  sst-win32-arm64@4.15.2:
    resolution: {integrity: sha512-DrovhJEZgo+W9s/AL1CdBeqdyG9nu8e8N7S5yxYFgoPJVti6mBDBZKY9HjYjkHXBYOPw6slcdHlh64DqDRzI9g==}
    cpu: [arm64]
    os: [win32]

  sst-win32-x64@4.15.2:
    resolution: {integrity: sha512-tywny4cRVFJUAHGsSxeIH2p/4AEigJks5UjC0HuP0kr/AyWeuCHglXsdf4JGMxSrHY6phdcSLUqhPKruZsjOwA==}
    cpu: [x64]
    os: [win32]

  sst-win32-x86@4.15.2:
    resolution: {integrity: sha512-p3TKMSP8t6K+h54dZB/AAu1LTkhjZ4Zn+h5x4nTzpAery7VzBxYseA/9F/DnAbck0pfHRsu3TBYtyHJsvCFJ0A==}
    cpu: [x86]
    os: [win32]

  sst@4.15.2:
    resolution: {integrity: sha512-PJX4rVQ66g1NgzWucm+Zelv0S5/hhqT5DkedKPb6IZSxyLz0R5r9hI2xO5ITS9hSY8IdUeJl1WMMca8f3vNd9Q==}
    hasBin: true

  strnum@2.3.0:
    resolution: {integrity: sha512-ums3KNd42PGyx5xaoVTO1mjU1bH3NpY4vsrVlnv9PNGqQj8wd7rJ6nEypLrJ7z5vxK5RP0yMLo6J/Gsm62DI5Q==}

  tinypool@2.1.0:
    resolution: {integrity: sha512-Pugqs6M0m7Lv1I7FtxN4aoyToKg1C4tu+/381vH35y8oENM/Ai7f7C4StcoK4/+BSw9ebcS8jRiVrORFKCALLw==}
    engines: {node: ^20.0.0 || >=22.0.0}

  tslib@2.8.1:
    resolution: {integrity: sha512-oJFu94HQb+KVduSUQL7wnpmqnfmLsOA/nAh6b6EH0wCEoK0/mPeXU6c3wKDV83MkOuHPRHtSXKKU99IBazS/2w==}

  typescript@5.9.3:
    resolution: {integrity: sha512-jl1vZzPDinLr9eUt3J/t7V6FgNEw9QjvBPdysz9KfQDD41fQrC2Y4vKQdiaUpFT4bXlb1RHhLpp8wtm6M5TgSw==}
    engines: {node: '>=14.17'}
    hasBin: true

  undici-types@6.21.0:
    resolution: {integrity: sha512-iwDZqg0QAGrg9Rav5H4n0M64c3mkR59cJ6wQp+7C4nI0gsmExaedaYLNO44eT4AtBBwjbTiGPMlt2Md0T9H9JQ==}

  which@2.0.2:
    resolution: {integrity: sha512-BLI3Tl1TW3Pvl70l3yq3Y64i+awpwXqsGBYWkkqMtnbXgrMD+yj7rhW0kuEDxzJaYXGjEW5ogapKNMEKNMjibA==}
    engines: {node: '>= 8'}
    hasBin: true

  which@3.0.1:
    resolution: {integrity: sha512-XA1b62dzQzLfaEOSQFTCOd5KFf/1VSzZo7/7TUjnya6u0vGGKzU96UQBZTAThCb2j4/xjBAyii1OhRLJEivHvg==}
    engines: {node: ^14.17.0 || ^16.13.0 || >=18.0.0}
    hasBin: true

  xml-naming@0.1.0:
    resolution: {integrity: sha512-k8KO9hrMyNk6tUWqUfkTEZbezRRpONVOzUTnc97VnCvyj6Tf9lyUR9EDAIeiVLv56jsMcoXEwjW8Kv5yPY52lw==}
    engines: {node: '>=16.0.0'}

  yallist@4.0.0:
    resolution: {integrity: sha512-3wdGidZyq5PB084XLES5TpOSRA3wjXAlIWMhum2kRcv/41Sn2emQ0dycQW4uZXLejwKvg6EsvbdlVL+FYEct7A==}

  zod@4.4.3:
    resolution: {integrity: sha512-ytENFjIJFl2UwYglde2jchW2Hwm4GJFLDiSXWdTrJQBIN9Fcyp7n4DhxJEiWNAJMV1/BqWfW/kkg71UDcHJyTQ==}

snapshots:

  '@aws-crypto/crc32@5.2.0':
    dependencies:
      '@aws-crypto/util': 5.2.0
      '@aws-sdk/types': 3.973.9
      tslib: 2.8.1

  '@aws-crypto/sha256-browser@5.2.0':
    dependencies:
      '@aws-crypto/sha256-js': 5.2.0
      '@aws-crypto/supports-web-crypto': 5.2.0
      '@aws-crypto/util': 5.2.0
      '@aws-sdk/types': 3.973.9
      '@aws-sdk/util-locate-window': 3.965.5
      '@smithy/util-utf8': 2.3.0
      tslib: 2.8.1

  '@aws-crypto/sha256-js@5.2.0':
    dependencies:
      '@aws-crypto/util': 5.2.0
      '@aws-sdk/types': 3.973.9
      tslib: 2.8.1

  '@aws-crypto/supports-web-crypto@5.2.0':
    dependencies:
      tslib: 2.8.1

  '@aws-crypto/util@5.2.0':
    dependencies:
      '@aws-sdk/types': 3.973.9
      '@smithy/util-utf8': 2.3.0
      tslib: 2.8.1

  '@aws-sdk/client-lambda@3.1058.0':
    dependencies:
      '@aws-crypto/sha256-browser': 5.2.0
      '@aws-crypto/sha256-js': 5.2.0
      '@aws-sdk/core': 3.974.15
      '@aws-sdk/credential-provider-node': 3.972.48
      '@aws-sdk/types': 3.973.9
      '@smithy/core': 3.24.6
      '@smithy/fetch-http-handler': 5.4.6
      '@smithy/node-http-handler': 4.7.6
      '@smithy/types': 4.14.3
      tslib: 2.8.1

  '@aws-sdk/core@3.974.15':
    dependencies:
      '@aws-sdk/types': 3.973.9
      '@aws-sdk/xml-builder': 3.972.26
      '@aws/lambda-invoke-store': 0.2.4
      '@smithy/core': 3.24.6
      '@smithy/signature-v4': 5.4.6
      '@smithy/types': 4.14.3
      bowser: 2.14.1
      tslib: 2.8.1

  '@aws-sdk/credential-provider-env@3.972.41':
    dependencies:
      '@aws-sdk/core': 3.974.15
      '@aws-sdk/types': 3.973.9
      '@smithy/core': 3.24.6
      '@smithy/types': 4.14.3
      tslib: 2.8.1

  '@aws-sdk/credential-provider-http@3.972.43':
    dependencies:
      '@aws-sdk/core': 3.974.15
      '@aws-sdk/types': 3.973.9
      '@smithy/core': 3.24.6
      '@smithy/fetch-http-handler': 5.4.6
      '@smithy/node-http-handler': 4.7.6
      '@smithy/types': 4.14.3
      tslib: 2.8.1

  '@aws-sdk/credential-provider-ini@3.972.46':
    dependencies:
      '@aws-sdk/core': 3.974.15
      '@aws-sdk/credential-provider-env': 3.972.41
      '@aws-sdk/credential-provider-http': 3.972.43
      '@aws-sdk/credential-provider-login': 3.972.45
      '@aws-sdk/credential-provider-process': 3.972.41
      '@aws-sdk/credential-provider-sso': 3.972.45
      '@aws-sdk/credential-provider-web-identity': 3.972.45
      '@aws-sdk/nested-clients': 3.997.13
      '@aws-sdk/types': 3.973.9
      '@smithy/core': 3.24.6
      '@smithy/credential-provider-imds': 4.3.7
      '@smithy/types': 4.14.3
      tslib: 2.8.1

  '@aws-sdk/credential-provider-login@3.972.45':
    dependencies:
      '@aws-sdk/core': 3.974.15
      '@aws-sdk/nested-clients': 3.997.13
      '@aws-sdk/types': 3.973.9
      '@smithy/core': 3.24.6
      '@smithy/types': 4.14.3
      tslib: 2.8.1

  '@aws-sdk/credential-provider-node@3.972.48':
    dependencies:
      '@aws-sdk/credential-provider-env': 3.972.41
      '@aws-sdk/credential-provider-http': 3.972.43
      '@aws-sdk/credential-provider-ini': 3.972.46
      '@aws-sdk/credential-provider-process': 3.972.41
      '@aws-sdk/credential-provider-sso': 3.972.45
      '@aws-sdk/credential-provider-web-identity': 3.972.45
      '@aws-sdk/types': 3.973.9
      '@smithy/core': 3.24.6
      '@smithy/credential-provider-imds': 4.3.7
      '@smithy/types': 4.14.3
      tslib: 2.8.1

  '@aws-sdk/credential-provider-process@3.972.41':
    dependencies:
      '@aws-sdk/core': 3.974.15
      '@aws-sdk/types': 3.973.9
      '@smithy/core': 3.24.6
      '@smithy/types': 4.14.3
      tslib: 2.8.1

  '@aws-sdk/credential-provider-sso@3.972.45':
    dependencies:
      '@aws-sdk/core': 3.974.15
      '@aws-sdk/nested-clients': 3.997.13
      '@aws-sdk/token-providers': 3.1056.0
      '@aws-sdk/types': 3.973.9
      '@smithy/core': 3.24.6
      '@smithy/types': 4.14.3
      tslib: 2.8.1

  '@aws-sdk/credential-provider-web-identity@3.972.45':
    dependencies:
      '@aws-sdk/core': 3.974.15
      '@aws-sdk/nested-clients': 3.997.13
      '@aws-sdk/types': 3.973.9
      '@smithy/core': 3.24.6
      '@smithy/types': 4.14.3
      tslib: 2.8.1

  '@aws-sdk/nested-clients@3.997.13':
    dependencies:
      '@aws-crypto/sha256-browser': 5.2.0
      '@aws-crypto/sha256-js': 5.2.0
      '@aws-sdk/core': 3.974.15
      '@aws-sdk/signature-v4-multi-region': 3.996.30
      '@aws-sdk/types': 3.973.9
      '@smithy/core': 3.24.6
      '@smithy/fetch-http-handler': 5.4.6
      '@smithy/node-http-handler': 4.7.6
      '@smithy/types': 4.14.3
      tslib: 2.8.1

  '@aws-sdk/signature-v4-multi-region@3.996.30':
    dependencies:
      '@aws-sdk/types': 3.973.9
      '@smithy/signature-v4': 5.4.6
      '@smithy/types': 4.14.3
      tslib: 2.8.1

  '@aws-sdk/token-providers@3.1056.0':
    dependencies:
      '@aws-sdk/core': 3.974.15
      '@aws-sdk/nested-clients': 3.997.13
      '@aws-sdk/types': 3.973.9
      '@smithy/core': 3.24.6
      '@smithy/types': 4.14.3
      tslib: 2.8.1

  '@aws-sdk/types@3.973.9':
    dependencies:
      '@smithy/types': 4.14.3
      tslib: 2.8.1

  '@aws-sdk/util-locate-window@3.965.5':
    dependencies:
      tslib: 2.8.1

  '@aws-sdk/xml-builder@3.972.26':
    dependencies:
      '@smithy/types': 4.14.3
      fast-xml-parser: 5.7.3
      tslib: 2.8.1

  '@aws/durable-execution-sdk-js@1.0.2':
    dependencies:
      '@aws-sdk/client-lambda': 3.1058.0

  '@aws/lambda-invoke-store@0.2.4': {}

  '@esbuild/aix-ppc64@0.21.5':
    optional: true

  '@esbuild/android-arm64@0.21.5':
    optional: true

  '@esbuild/android-arm@0.21.5':
    optional: true

  '@esbuild/android-x64@0.21.5':
    optional: true

  '@esbuild/darwin-arm64@0.21.5':
    optional: true

  '@esbuild/darwin-x64@0.21.5':
    optional: true

  '@esbuild/freebsd-arm64@0.21.5':
    optional: true

  '@esbuild/freebsd-x64@0.21.5':
    optional: true

  '@esbuild/linux-arm64@0.21.5':
    optional: true

  '@esbuild/linux-arm@0.21.5':
    optional: true

  '@esbuild/linux-ia32@0.21.5':
    optional: true

  '@esbuild/linux-loong64@0.21.5':
    optional: true

  '@esbuild/linux-mips64el@0.21.5':
    optional: true

  '@esbuild/linux-ppc64@0.21.5':
    optional: true

  '@esbuild/linux-riscv64@0.21.5':
    optional: true

  '@esbuild/linux-s390x@0.21.5':
    optional: true

  '@esbuild/linux-x64@0.21.5':
    optional: true

  '@esbuild/netbsd-x64@0.21.5':
    optional: true

  '@esbuild/openbsd-x64@0.21.5':
    optional: true

  '@esbuild/sunos-x64@0.21.5':
    optional: true

  '@esbuild/win32-arm64@0.21.5':
    optional: true

  '@esbuild/win32-ia32@0.21.5':
    optional: true

  '@esbuild/win32-x64@0.21.5':
    optional: true

  '@hono/zod-validator@0.8.0(hono@4.12.23)(zod@4.4.3)':
    dependencies:
      hono: 4.12.23
      zod: 4.4.3

  '@nodable/entities@2.1.1': {}

  '@oxfmt/binding-android-arm-eabi@0.53.0':
    optional: true

  '@oxfmt/binding-android-arm64@0.53.0':
    optional: true

  '@oxfmt/binding-darwin-arm64@0.53.0':
    optional: true

  '@oxfmt/binding-darwin-x64@0.53.0':
    optional: true

  '@oxfmt/binding-freebsd-x64@0.53.0':
    optional: true

  '@oxfmt/binding-linux-arm-gnueabihf@0.53.0':
    optional: true

  '@oxfmt/binding-linux-arm-musleabihf@0.53.0':
    optional: true

  '@oxfmt/binding-linux-arm64-gnu@0.53.0':
    optional: true

  '@oxfmt/binding-linux-arm64-musl@0.53.0':
    optional: true

  '@oxfmt/binding-linux-ppc64-gnu@0.53.0':
    optional: true

  '@oxfmt/binding-linux-riscv64-gnu@0.53.0':
    optional: true

  '@oxfmt/binding-linux-riscv64-musl@0.53.0':
    optional: true

  '@oxfmt/binding-linux-s390x-gnu@0.53.0':
    optional: true

  '@oxfmt/binding-linux-x64-gnu@0.53.0':
    optional: true

  '@oxfmt/binding-linux-x64-musl@0.53.0':
    optional: true

  '@oxfmt/binding-openharmony-arm64@0.53.0':
    optional: true

  '@oxfmt/binding-win32-arm64-msvc@0.53.0':
    optional: true

  '@oxfmt/binding-win32-ia32-msvc@0.53.0':
    optional: true

  '@oxfmt/binding-win32-x64-msvc@0.53.0':
    optional: true

  '@oxlint/binding-android-arm-eabi@1.68.0':
    optional: true

  '@oxlint/binding-android-arm64@1.68.0':
    optional: true

  '@oxlint/binding-darwin-arm64@1.68.0':
    optional: true

  '@oxlint/binding-darwin-x64@1.68.0':
    optional: true

  '@oxlint/binding-freebsd-x64@1.68.0':
    optional: true

  '@oxlint/binding-linux-arm-gnueabihf@1.68.0':
    optional: true

  '@oxlint/binding-linux-arm-musleabihf@1.68.0':
    optional: true

  '@oxlint/binding-linux-arm64-gnu@1.68.0':
    optional: true

  '@oxlint/binding-linux-arm64-musl@1.68.0':
    optional: true

  '@oxlint/binding-linux-ppc64-gnu@1.68.0':
    optional: true

  '@oxlint/binding-linux-riscv64-gnu@1.68.0':
    optional: true

  '@oxlint/binding-linux-riscv64-musl@1.68.0':
    optional: true

  '@oxlint/binding-linux-s390x-gnu@1.68.0':
    optional: true

  '@oxlint/binding-linux-x64-gnu@1.68.0':
    optional: true

  '@oxlint/binding-linux-x64-musl@1.68.0':
    optional: true

  '@oxlint/binding-openharmony-arm64@1.68.0':
    optional: true

  '@oxlint/binding-win32-arm64-msvc@1.68.0':
    optional: true

  '@oxlint/binding-win32-ia32-msvc@1.68.0':
    optional: true

  '@oxlint/binding-win32-x64-msvc@1.68.0':
    optional: true

  '@smithy/core@3.24.6':
    dependencies:
      '@aws-crypto/crc32': 5.2.0
      '@smithy/types': 4.14.3
      tslib: 2.8.1

  '@smithy/credential-provider-imds@4.3.7':
    dependencies:
      '@smithy/core': 3.24.6
      '@smithy/types': 4.14.3
      tslib: 2.8.1

  '@smithy/fetch-http-handler@5.4.6':
    dependencies:
      '@smithy/core': 3.24.6
      '@smithy/types': 4.14.3
      tslib: 2.8.1

  '@smithy/is-array-buffer@2.2.0':
    dependencies:
      tslib: 2.8.1

  '@smithy/node-http-handler@4.7.6':
    dependencies:
      '@smithy/core': 3.24.6
      '@smithy/types': 4.14.3
      tslib: 2.8.1

  '@smithy/signature-v4@5.4.6':
    dependencies:
      '@smithy/core': 3.24.6
      '@smithy/types': 4.14.3
      tslib: 2.8.1

  '@smithy/types@4.14.3':
    dependencies:
      tslib: 2.8.1

  '@smithy/util-buffer-from@2.2.0':
    dependencies:
      '@smithy/is-array-buffer': 2.2.0
      tslib: 2.8.1

  '@smithy/util-utf8@2.3.0':
    dependencies:
      '@smithy/util-buffer-from': 2.2.0
      tslib: 2.8.1

  '@types/aws-lambda@8.10.161': {}

  '@types/node@22.19.19':
    dependencies:
      undici-types: 6.21.0

  ansi-styles@6.2.3: {}

  aws4fetch@1.0.18: {}

  balanced-match@1.0.2: {}

  bowser@2.14.1: {}

  brace-expansion@2.1.1:
    dependencies:
      balanced-match: 1.0.2

  cross-spawn@7.0.6:
    dependencies:
      path-key: 3.1.1
      shebang-command: 2.0.0
      which: 2.0.2

  esbuild@0.21.5:
    optionalDependencies:
      '@esbuild/aix-ppc64': 0.21.5
      '@esbuild/android-arm': 0.21.5
      '@esbuild/android-arm64': 0.21.5
      '@esbuild/android-x64': 0.21.5
      '@esbuild/darwin-arm64': 0.21.5
      '@esbuild/darwin-x64': 0.21.5
      '@esbuild/freebsd-arm64': 0.21.5
      '@esbuild/freebsd-x64': 0.21.5
      '@esbuild/linux-arm': 0.21.5
      '@esbuild/linux-arm64': 0.21.5
      '@esbuild/linux-ia32': 0.21.5
      '@esbuild/linux-loong64': 0.21.5
      '@esbuild/linux-mips64el': 0.21.5
      '@esbuild/linux-ppc64': 0.21.5
      '@esbuild/linux-riscv64': 0.21.5
      '@esbuild/linux-s390x': 0.21.5
      '@esbuild/linux-x64': 0.21.5
      '@esbuild/netbsd-x64': 0.21.5
      '@esbuild/openbsd-x64': 0.21.5
      '@esbuild/sunos-x64': 0.21.5
      '@esbuild/win32-arm64': 0.21.5
      '@esbuild/win32-ia32': 0.21.5
      '@esbuild/win32-x64': 0.21.5

  fast-xml-builder@1.2.0:
    dependencies:
      path-expression-matcher: 1.5.0
      xml-naming: 0.1.0

  fast-xml-parser@5.7.3:
    dependencies:
      '@nodable/entities': 2.1.1
      fast-xml-builder: 1.2.0
      path-expression-matcher: 1.5.0
      strnum: 2.3.0

  hono@4.12.23: {}

  isexe@2.0.0: {}

  jose@4.15.9: {}

  jose@5.2.3: {}

  json-parse-even-better-errors@3.0.2: {}

  lru-cache@6.0.0:
    dependencies:
      yallist: 4.0.0

  memorystream@0.3.1: {}

  minimatch@9.0.9:
    dependencies:
      brace-expansion: 2.1.1

  npm-normalize-package-bin@3.0.1: {}

  npm-run-all2@6.2.6:
    dependencies:
      ansi-styles: 6.2.3
      cross-spawn: 7.0.6
      memorystream: 0.3.1
      minimatch: 9.0.9
      pidtree: 0.6.0
      read-package-json-fast: 3.0.2
      shell-quote: 1.8.4
      which: 3.0.1

  object-hash@2.2.0: {}

  oidc-token-hash@5.2.0: {}

  openid-client@5.6.4:
    dependencies:
      jose: 4.15.9
      lru-cache: 6.0.0
      object-hash: 2.2.0
      oidc-token-hash: 5.2.0

  oxfmt@0.53.0:
    dependencies:
      tinypool: 2.1.0
    optionalDependencies:
      '@oxfmt/binding-android-arm-eabi': 0.53.0
      '@oxfmt/binding-android-arm64': 0.53.0
      '@oxfmt/binding-darwin-arm64': 0.53.0
      '@oxfmt/binding-darwin-x64': 0.53.0
      '@oxfmt/binding-freebsd-x64': 0.53.0
      '@oxfmt/binding-linux-arm-gnueabihf': 0.53.0
      '@oxfmt/binding-linux-arm-musleabihf': 0.53.0
      '@oxfmt/binding-linux-arm64-gnu': 0.53.0
      '@oxfmt/binding-linux-arm64-musl': 0.53.0
      '@oxfmt/binding-linux-ppc64-gnu': 0.53.0
      '@oxfmt/binding-linux-riscv64-gnu': 0.53.0
      '@oxfmt/binding-linux-riscv64-musl': 0.53.0
      '@oxfmt/binding-linux-s390x-gnu': 0.53.0
      '@oxfmt/binding-linux-x64-gnu': 0.53.0
      '@oxfmt/binding-linux-x64-musl': 0.53.0
      '@oxfmt/binding-openharmony-arm64': 0.53.0
      '@oxfmt/binding-win32-arm64-msvc': 0.53.0
      '@oxfmt/binding-win32-ia32-msvc': 0.53.0
      '@oxfmt/binding-win32-x64-msvc': 0.53.0

  oxlint@1.68.0:
    optionalDependencies:
      '@oxlint/binding-android-arm-eabi': 1.68.0
      '@oxlint/binding-android-arm64': 1.68.0
      '@oxlint/binding-darwin-arm64': 1.68.0
      '@oxlint/binding-darwin-x64': 1.68.0
      '@oxlint/binding-freebsd-x64': 1.68.0
      '@oxlint/binding-linux-arm-gnueabihf': 1.68.0
      '@oxlint/binding-linux-arm-musleabihf': 1.68.0
      '@oxlint/binding-linux-arm64-gnu': 1.68.0
      '@oxlint/binding-linux-arm64-musl': 1.68.0
      '@oxlint/binding-linux-ppc64-gnu': 1.68.0
      '@oxlint/binding-linux-riscv64-gnu': 1.68.0
      '@oxlint/binding-linux-riscv64-musl': 1.68.0
      '@oxlint/binding-linux-s390x-gnu': 1.68.0
      '@oxlint/binding-linux-x64-gnu': 1.68.0
      '@oxlint/binding-linux-x64-musl': 1.68.0
      '@oxlint/binding-openharmony-arm64': 1.68.0
      '@oxlint/binding-win32-arm64-msvc': 1.68.0
      '@oxlint/binding-win32-ia32-msvc': 1.68.0
      '@oxlint/binding-win32-x64-msvc': 1.68.0

  path-expression-matcher@1.5.0: {}

  path-key@3.1.1: {}

  pidtree@0.6.0: {}

  read-package-json-fast@3.0.2:
    dependencies:
      json-parse-even-better-errors: 3.0.2
      npm-normalize-package-bin: 3.0.1

  shebang-command@2.0.0:
    dependencies:
      shebang-regex: 3.0.0

  shebang-regex@3.0.0: {}

  shell-quote@1.8.4: {}

  sst-darwin-arm64@4.15.2:
    optional: true

  sst-darwin-x64@4.15.2:
    optional: true

  sst-linux-arm64@4.15.2:
    optional: true

  sst-linux-x64@4.15.2:
    optional: true

  sst-linux-x86@4.15.2:
    optional: true

  sst-win32-arm64@4.15.2:
    optional: true

  sst-win32-x64@4.15.2:
    optional: true

  sst-win32-x86@4.15.2:
    optional: true

  sst@4.15.2:
    dependencies:
      '@aws/durable-execution-sdk-js': 1.0.2
      aws4fetch: 1.0.18
      jose: 5.2.3
      openid-client: 5.6.4
    optionalDependencies:
      sst-darwin-arm64: 4.15.2
      sst-darwin-x64: 4.15.2
      sst-linux-arm64: 4.15.2
      sst-linux-x64: 4.15.2
      sst-linux-x86: 4.15.2
      sst-win32-arm64: 4.15.2
      sst-win32-x64: 4.15.2
      sst-win32-x86: 4.15.2

  strnum@2.3.0: {}

  tinypool@2.1.0: {}

  tslib@2.8.1: {}

  typescript@5.9.3: {}

  undici-types@6.21.0: {}

  which@2.0.2:
    dependencies:
      isexe: 2.0.0

  which@3.0.1:
    dependencies:
      isexe: 2.0.0

  xml-naming@0.1.0: {}

  yallist@4.0.0: {}

  zod@4.4.3: {}
